
Microsoft Visual Studio Solution File, Format Version 12.00
# Visual Studio 15
VisualStudioVersion = 15.0.28307.168
MinimumVisualStudioVersion = 10.0.40219.1
Project("{9A19103F-16F7-4668-BE54-9A1E7A4F7556}") = "AWSLambda", "AWSLambda\AWSLambda.csproj", "{D5700CF6-1D7C-4EE1-9416-0BAAC206EAE6}"
EndProject
Global
	GlobalSection(SolutionConfigurationPlatforms) = preSolution
		Debug|Any CPU = Debug|Any CPU
		Release|Any CPU = Release|Any CPU
	EndGlobalSection
	GlobalSection(ProjectConfigurationPlatforms) = postSolution
		{D5700CF6-1D7C-4EE1-9416-0BAAC206EAE6}.Debug|Any CPU.ActiveCfg = Debug|Any CPU
		{D5700CF6-1D7C-4EE1-9416-0BAAC206EAE6}.Debug|Any CPU.Build.0 = Debug|Any CPU
		{D5700CF6-1D7C-4EE1-9416-0BAAC206EAE6}.Release|Any CPU.ActiveCfg = Release|Any CPU
		{D5700CF6-1D7C-4EE1-9416-0BAAC206EAE6}.Release|Any CPU.Build.0 = Release|Any CPU
	EndGlobalSection
	GlobalSection(SolutionProperties) = preSolution
		HideSolutionNode = FALSE
	EndGlobalSection
	GlobalSection(ExtensibilityGlobals) = postSolution
		SolutionGuid = {786169F3-3DBB-4259-A7CF-18D447BBF239}
	EndGlobalSection
EndGlobal
